
Microsoft Visual Studio Solution File, Format Version 12.00
# Visual Studio 15
Project("{FAE04EC0-301F-11D3-BF4B-00C04F79EFBC}") = "ams-dotnet", "ams-dotnet.csproj", "{872BDA36-5AFB-4E4C-9FA4-30F829C7DD6F}"
EndProject
Global
	GlobalSection(SolutionConfigurationPlatforms) = preSolution
		Debug|Any CPU = Debug|Any CPU
		Release|Any CPU = Release|Any CPU
	EndGlobalSection
	GlobalSection(ProjectConfigurationPlatforms) = postSolution
		{872BDA36-5AFB-4E4C-9FA4-30F829C7DD6F}.Debug|Any CPU.ActiveCfg = Debug|Any CPU
		{872BDA36-5AFB-4E4C-9FA4-30F829C7DD6F}.Debug|Any CPU.Build.0 = Debug|Any CPU
		{872BDA36-5AFB-4E4C-9FA4-30F829C7DD6F}.Release|Any CPU.ActiveCfg = Release|Any CPU
		{872BDA36-5AFB-4E4C-9FA4-30F829C7DD6F}.Release|Any CPU.Build.0 = Release|Any CPU
	EndGlobalSection
EndGlobal
